{
  "name": "vite-mobile-music",
  "version": "0.0.0",
  "lockfileVersion": 1,
  "requires": true,
  "dependencies": {
    "@babel/parser": {
      "version": "7.18.9",
      "resolved": "https://registry.npmjs.org/@babel/parser/-/parser-7.18.9.tgz",
      "integrity": "sha512-9uJveS9eY9DJ0t64YbIBZICtJy8a5QrDEVdiLCG97fVLpDTpGX7t8mMSb6OWw6Lrnjqj4O8zwjELX3dhoMgiBg=="
    },
    "@better-scroll/core": {
      "version": "2.4.2",
      "resolved": "https://registry.npmjs.org/@better-scroll/core/-/core-2.4.2.tgz",
      "integrity": "sha512-IqVZLnh04YpaEAy9wJDxtFK/stxVQjB9A9Wcr3Uwkj7Av1TtFpin+t/TObl53diNDG5ZJ+vck/OAthphpuugLA==",
      "requires": {
        "@better-scroll/shared-utils": "^2.4.2"
      }
    },
    "@better-scroll/indicators": {
      "version": "2.4.2",
      "resolved": "https://registry.npmjs.org/@better-scroll/indicators/-/indicators-2.4.2.tgz",
      "integrity": "sha512-dScI0HIt06L1thLO+1W7w1enqRtegWF1izKYhswiyTXLgagLh2QbAi+oexNiPSOGBuNz8w1mO7hZvVJez/ZFkw==",
      "requires": {
        "@better-scroll/core": "^2.4.2"
      }
    },
    "@better-scroll/infinity": {
      "version": "2.4.2",
      "resolved": "https://registry.npmjs.org/@better-scroll/infinity/-/infinity-2.4.2.tgz",
      "integrity": "sha512-KGpCWLTyMzcGBT59c3N/JaVauLmi0jG2YZApdnqON+Oz4AJiHnzGkzWc4EJxcxR3Vy+m5Jp91y6xrpsvRmOdIg==",
      "requires": {
        "@better-scroll/core": "^2.4.2"
      }
    },
    "@better-scroll/mouse-wheel": {
      "version": "2.4.2",
      "resolved": "https://registry.npmjs.org/@better-scroll/mouse-wheel/-/mouse-wheel-2.4.2.tgz",
      "integrity": "sha512-dLc8vlYkSYN9AQEo4NDPQloPhscCV17TY98JUBcio4I2STDlYYIQqofqm1GQPfByfK9f057DnrcgZ/bPVx7PTA==",
      "requires": {
        "@better-scroll/core": "^2.4.2"
      }
    },
    "@better-scroll/movable": {
      "version": "2.4.2",
      "resolved": "https://registry.npmjs.org/@better-scroll/movable/-/movable-2.4.2.tgz",
      "integrity": "sha512-y4FbKx9FTUfAfM6wW+PCKA3CONc4nfjaE4N1ImGsIorzkSWV2eGO+LTD6FVv5+gVINI/o9Xj/gHmEJUaupUeSg==",
      "requires": {
        "@better-scroll/core": "^2.4.2"
      }
    },
    "@better-scroll/nested-scroll": {
      "version": "2.4.2",
      "resolved": "https://registry.npmjs.org/@better-scroll/nested-scroll/-/nested-scroll-2.4.2.tgz",
      "integrity": "sha512-JnC2sqtDqVkj9F5J39u52b6qDsMqXbnURG67dHf97tYoYP2dluwjkvhhxjSFrghREoQzT/KWcDbkfcGy47lQwQ==",
      "requires": {
        "@better-scroll/core": "^2.4.2"
      }
    },
    "@better-scroll/observe-dom": {
      "version": "2.4.2",
      "resolved": "https://registry.npmjs.org/@better-scroll/observe-dom/-/observe-dom-2.4.2.tgz",
      "integrity": "sha512-eeS77CZs+V72dkya10e5ptndBAbhQVcXoYGvfoIihOJgCPqO5MdYTpzRmlbshYCEE5juUMLe82Kx8FSbOejpAw==",
      "requires": {
        "@better-scroll/core": "^2.4.2"
      }
    },
    "@better-scroll/observe-image": {
      "version": "2.4.2",
      "resolved": "https://registry.npmjs.org/@better-scroll/observe-image/-/observe-image-2.4.2.tgz",
      "integrity": "sha512-ToYVf5vn0cio5B9uaL5NyvFX3JNU6L0Po20Lw7uxa0+FE+kMvSAMJN+9POg6G+cfIqI8GVHhyyR+4Ev8v2Nl5Q==",
      "requires": {
        "@better-scroll/core": "^2.4.2"
      }
    },
    "@better-scroll/pull-down": {
      "version": "2.4.2",
      "resolved": "https://registry.npmjs.org/@better-scroll/pull-down/-/pull-down-2.4.2.tgz",
      "integrity": "sha512-bqMLk33o4oesTXIIOteBKHQgfVKjIVvity39TM/MfzkbY1WDBxD+HFS7ySgoqw7Kl2Wiv/U76Wfqzmm6yDdg7Q==",
      "requires": {
        "@better-scroll/core": "^2.4.2"
      }
    },
    "@better-scroll/pull-up": {
      "version": "2.4.2",
      "resolved": "https://registry.npmjs.org/@better-scroll/pull-up/-/pull-up-2.4.2.tgz",
      "integrity": "sha512-07Cke3oa96lN9/inxJZ0ixh0nBbbqxOi2IKcBGtD6dP+susiMcdhgd/c7zNRjXkwlw0vzTNfXTgExIOEWzLHYg==",
      "requires": {
        "@better-scroll/core": "^2.4.2"
      }
    },
    "@better-scroll/scroll-bar": {
      "version": "2.4.2",
      "resolved": "https://registry.npmjs.org/@better-scroll/scroll-bar/-/scroll-bar-2.4.2.tgz",
      "integrity": "sha512-zZd0+sWfzTCXJeuA001o5bea7AvLYz7BCE7dolxFbPTIPnV5V5UEH8LLdXQ/HIwgxI0Pj9PoY9njSuhooh6lfg==",
      "requires": {
        "@better-scroll/core": "^2.4.2"
      }
    },
    "@better-scroll/shared-utils": {
      "version": "2.4.2",
      "resolved": "https://registry.npmjs.org/@better-scroll/shared-utils/-/shared-utils-2.4.2.tgz",
      "integrity": "sha512-Gy/Jfbpu+hq0u+PcjkTqyXGqAf+0dexTzEZ5IDXEVwJVLmd3cx8A73oTcAZ8QZgk4wSHvlMjXecSaptkhnNPEw=="
    },
    "@better-scroll/slide": {
      "version": "2.4.2",
      "resolved": "https://registry.npmjs.org/@better-scroll/slide/-/slide-2.4.2.tgz",
      "integrity": "sha512-VfdFHm/meo4nEyfx0JLn8rUHfQdQCnoBHs/BsV+vmjVivKg+cVgfS+QaytrIulWKqNAWNlfXbAaNtZMv8gNKZg==",
      "requires": {
        "@better-scroll/core": "^2.4.2"
      }
    },
    "@better-scroll/wheel": {
      "version": "2.4.2",
      "resolved": "https://registry.npmjs.org/@better-scroll/wheel/-/wheel-2.4.2.tgz",
      "integrity": "sha512-oJw68glWbrYBbRK8RJnKo3Fw9bU7Cd4zDbBHbKZ062/YJAJUZW9wF/3Lout4PnolkjuJIp2TZiEgJNtuRd+Njg==",
      "requires": {
        "@better-scroll/core": "^2.4.2"
      }
    },
    "@better-scroll/zoom": {
      "version": "2.4.2",
      "resolved": "https://registry.npmjs.org/@better-scroll/zoom/-/zoom-2.4.2.tgz",
      "integrity": "sha512-rN/BTE3lf2sNNvKowGL/tUKZ/BgdZcZa0pjE/rVW0tBL/7x68cBowWQD5HF2Z2Bge8OPXRjkwN/xN1aFYhEtWA==",
      "requires": {
        "@better-scroll/core": "^2.4.2"
      }
    },
    "@popperjs/core": {
      "version": "2.11.5",
      "resolved": "https://registry.npmjs.org/@popperjs/core/-/core-2.11.5.tgz",
      "integrity": "sha512-9X2obfABZuDVLCgPK9aX0a/x4jaOEweTTWE2+9sr0Qqqevj2Uv5XorvusThmc9XGYpS9yI+fhh8RTafBtGposw=="
    },
    "@types/js-cookie": {
      "version": "3.0.2",
      "resolved": "https://registry.npmjs.org/@types/js-cookie/-/js-cookie-3.0.2.tgz",
      "integrity": "sha512-6+0ekgfusHftJNYpihfkMu8BWdeHs9EOJuGcSofErjstGPfPGEu9yTu4t460lTzzAMl2cM5zngQJqPMHbbnvYA==",
      "dev": true
    },
    "@types/node": {
      "version": "18.6.1",
      "resolved": "https://registry.npmjs.org/@types/node/-/node-18.6.1.tgz",
      "integrity": "sha512-z+2vB6yDt1fNwKOeGbckpmirO+VBDuQqecXkgeIqDlaOtmKn6hPR/viQ8cxCfqLU4fTlvM3+YjM367TukWdxpg==",
      "dev": true
    },
    "@vant/icons": {
      "version": "1.8.0",
      "resolved": "https://registry.npmjs.org/@vant/icons/-/icons-1.8.0.tgz",
      "integrity": "sha512-sKfEUo2/CkQFuERxvkuF6mGQZDKu3IQdj5rV9Fm0weJXtchDSSQ+zt8qPCNUEhh9Y8shy5PzxbvAfOOkCwlCXg=="
    },
    "@vant/popperjs": {
      "version": "1.2.1",
      "resolved": "https://registry.npmjs.org/@vant/popperjs/-/popperjs-1.2.1.tgz",
      "integrity": "sha512-qzQlrPE4aOsBzfrktDVwzQy/QICCTKifmjrruhY58+Q2fobUYp/T9QINluIafzsD3VJwgP8+HFVLBsyDmy3VZQ==",
      "requires": {
        "@popperjs/core": "^2.9.2"
      }
    },
    "@vant/use": {
      "version": "1.4.1",
      "resolved": "https://registry.npmjs.org/@vant/use/-/use-1.4.1.tgz",
      "integrity": "sha512-YonNN0SuJLEJuqdoMcVAJm2JUZWkHNrW81QzeF6FLyG5HFUGlmTM5Sby7gdS3Z/8UDMlkWRQpJxBWbmVzmUWxQ=="
    },
    "@vitejs/plugin-vue": {
      "version": "3.0.1",
      "resolved": "https://registry.npmjs.org/@vitejs/plugin-vue/-/plugin-vue-3.0.1.tgz",
      "integrity": "sha512-Ll9JgxG7ONIz/XZv3dssfoMUDu9qAnlJ+km+pBA0teYSXzwPCIzS/e1bmwNYl5dcQGs677D21amgfYAnzMl17A==",
      "dev": true
    },
    "@volar/code-gen": {
      "version": "0.38.9",
      "resolved": "https://registry.npmjs.org/@volar/code-gen/-/code-gen-0.38.9.tgz",
      "integrity": "sha512-n6LClucfA+37rQeskvh9vDoZV1VvCVNy++MAPKj2dT4FT+Fbmty/SDQqnsEBtdEe6E3OQctFvA/IcKsx3Mns0A==",
      "dev": true,
      "requires": {
        "@volar/source-map": "0.38.9"
      }
    },
    "@volar/source-map": {
      "version": "0.38.9",
      "resolved": "https://registry.npmjs.org/@volar/source-map/-/source-map-0.38.9.tgz",
      "integrity": "sha512-ba0UFoHDYry+vwKdgkWJ6xlQT+8TFtZg1zj9tSjj4PykW1JZDuM0xplMotLun4h3YOoYfY9K1huY5gvxmrNLIw==",
      "dev": true
    },
    "@volar/vue-code-gen": {
      "version": "0.38.9",
      "resolved": "https://registry.npmjs.org/@volar/vue-code-gen/-/vue-code-gen-0.38.9.tgz",
      "integrity": "sha512-tzj7AoarFBKl7e41MR006ncrEmNPHALuk8aG4WdDIaG387X5//5KhWC5Ff3ZfB2InGSeNT+CVUd74M0gS20rjA==",
      "dev": true,
      "requires": {
        "@volar/code-gen": "0.38.9",
        "@volar/source-map": "0.38.9",
        "@vue/compiler-core": "^3.2.37",
        "@vue/compiler-dom": "^3.2.37",
        "@vue/shared": "^3.2.37"
      }
    },
    "@volar/vue-typescript": {
      "version": "0.38.9",
      "resolved": "https://registry.npmjs.org/@volar/vue-typescript/-/vue-typescript-0.38.9.tgz",
      "integrity": "sha512-iJMQGU91ADi98u8V1vXd2UBmELDAaeSP0ZJaFjwosClQdKlJQYc6MlxxKfXBZisHqfbhdtrGRyaryulnYtliZw==",
      "dev": true,
      "requires": {
        "@volar/code-gen": "0.38.9",
        "@volar/source-map": "0.38.9",
        "@volar/vue-code-gen": "0.38.9",
        "@vue/compiler-sfc": "^3.2.37",
        "@vue/reactivity": "^3.2.37"
      }
    },
    "@vue/compiler-core": {
      "version": "3.2.37",
      "resolved": "https://registry.npmjs.org/@vue/compiler-core/-/compiler-core-3.2.37.tgz",
      "integrity": "sha512-81KhEjo7YAOh0vQJoSmAD68wLfYqJvoiD4ulyedzF+OEk/bk6/hx3fTNVfuzugIIaTrOx4PGx6pAiBRe5e9Zmg==",
      "requires": {
        "@babel/parser": "^7.16.4",
        "@vue/shared": "3.2.37",
        "estree-walker": "^2.0.2",
        "source-map": "^0.6.1"
      }
    },
    "@vue/compiler-dom": {
      "version": "3.2.37",
      "resolved": "https://registry.npmjs.org/@vue/compiler-dom/-/compiler-dom-3.2.37.tgz",
      "integrity": "sha512-yxJLH167fucHKxaqXpYk7x8z7mMEnXOw3G2q62FTkmsvNxu4FQSu5+3UMb+L7fjKa26DEzhrmCxAgFLLIzVfqQ==",
      "requires": {
        "@vue/compiler-core": "3.2.37",
        "@vue/shared": "3.2.37"
      }
    },
    "@vue/compiler-sfc": {
      "version": "3.2.37",
      "resolved": "https://registry.npmjs.org/@vue/compiler-sfc/-/compiler-sfc-3.2.37.tgz",
      "integrity": "sha512-+7i/2+9LYlpqDv+KTtWhOZH+pa8/HnX/905MdVmAcI/mPQOBwkHHIzrsEsucyOIZQYMkXUiTkmZq5am/NyXKkg==",
      "requires": {
        "@babel/parser": "^7.16.4",
        "@vue/compiler-core": "3.2.37",
        "@vue/compiler-dom": "3.2.37",
        "@vue/compiler-ssr": "3.2.37",
        "@vue/reactivity-transform": "3.2.37",
        "@vue/shared": "3.2.37",
        "estree-walker": "^2.0.2",
        "magic-string": "^0.25.7",
        "postcss": "^8.1.10",
        "source-map": "^0.6.1"
      }
    },
    "@vue/compiler-ssr": {
      "version": "3.2.37",
      "resolved": "https://registry.npmjs.org/@vue/compiler-ssr/-/compiler-ssr-3.2.37.tgz",
      "integrity": "sha512-7mQJD7HdXxQjktmsWp/J67lThEIcxLemz1Vb5I6rYJHR5vI+lON3nPGOH3ubmbvYGt8xEUaAr1j7/tIFWiEOqw==",
      "requires": {
        "@vue/compiler-dom": "3.2.37",
        "@vue/shared": "3.2.37"
      }
    },
    "@vue/devtools-api": {
      "version": "6.2.1",
      "resolved": "https://registry.npmjs.org/@vue/devtools-api/-/devtools-api-6.2.1.tgz",
      "integrity": "sha512-OEgAMeQXvCoJ+1x8WyQuVZzFo0wcyCmUR3baRVLmKBo1LmYZWMlRiXlux5jd0fqVJu6PfDbOrZItVqUEzLobeQ=="
    },
    "@vue/reactivity": {
      "version": "3.2.37",
      "resolved": "https://registry.npmjs.org/@vue/reactivity/-/reactivity-3.2.37.tgz",
      "integrity": "sha512-/7WRafBOshOc6m3F7plwzPeCu/RCVv9uMpOwa/5PiY1Zz+WLVRWiy0MYKwmg19KBdGtFWsmZ4cD+LOdVPcs52A==",
      "requires": {
        "@vue/shared": "3.2.37"
      }
    },
    "@vue/reactivity-transform": {
      "version": "3.2.37",
      "resolved": "https://registry.npmjs.org/@vue/reactivity-transform/-/reactivity-transform-3.2.37.tgz",
      "integrity": "sha512-IWopkKEb+8qpu/1eMKVeXrK0NLw9HicGviJzhJDEyfxTR9e1WtpnnbYkJWurX6WwoFP0sz10xQg8yL8lgskAZg==",
      "requires": {
        "@babel/parser": "^7.16.4",
        "@vue/compiler-core": "3.2.37",
        "@vue/shared": "3.2.37",
        "estree-walker": "^2.0.2",
        "magic-string": "^0.25.7"
      }
    },
    "@vue/runtime-core": {
      "version": "3.2.37",
      "resolved": "https://registry.npmjs.org/@vue/runtime-core/-/runtime-core-3.2.37.tgz",
      "integrity": "sha512-JPcd9kFyEdXLl/i0ClS7lwgcs0QpUAWj+SKX2ZC3ANKi1U4DOtiEr6cRqFXsPwY5u1L9fAjkinIdB8Rz3FoYNQ==",
      "requires": {
        "@vue/reactivity": "3.2.37",
        "@vue/shared": "3.2.37"
      }
    },
    "@vue/runtime-dom": {
      "version": "3.2.37",
      "resolved": "https://registry.npmjs.org/@vue/runtime-dom/-/runtime-dom-3.2.37.tgz",
      "integrity": "sha512-HimKdh9BepShW6YozwRKAYjYQWg9mQn63RGEiSswMbW+ssIht1MILYlVGkAGGQbkhSh31PCdoUcfiu4apXJoPw==",
      "requires": {
        "@vue/runtime-core": "3.2.37",
        "@vue/shared": "3.2.37",
        "csstype": "^2.6.8"
      }
    },
    "@vue/server-renderer": {
      "version": "3.2.37",
      "resolved": "https://registry.npmjs.org/@vue/server-renderer/-/server-renderer-3.2.37.tgz",
      "integrity": "sha512-kLITEJvaYgZQ2h47hIzPh2K3jG8c1zCVbp/o/bzQOyvzaKiCquKS7AaioPI28GNxIsE/zSx+EwWYsNxDCX95MA==",
      "requires": {
        "@vue/compiler-ssr": "3.2.37",
        "@vue/shared": "3.2.37"
      }
    },
    "@vue/shared": {
      "version": "3.2.37",
      "resolved": "https://registry.npmjs.org/@vue/shared/-/shared-3.2.37.tgz",
      "integrity": "sha512-4rSJemR2NQIo9Klm1vabqWjD8rs/ZaJSzMxkMNeJS6lHiUjjUeYFbooN19NgFjztubEKh3WlZUeOLVdbbUWHsw=="
    },
    "asynckit": {
      "version": "0.4.0",
      "resolved": "https://registry.npmjs.org/asynckit/-/asynckit-0.4.0.tgz",
      "integrity": "sha512-Oei9OH4tRh0YqU3GxhX79dM/mwVgvbZJaSNaRk+bshkj0S5cfHcgYakreBjrHwatXKbz+IoIdYLxrKim2MjW0Q=="
    },
    "axios": {
      "version": "0.27.2",
      "resolved": "https://registry.npmjs.org/axios/-/axios-0.27.2.tgz",
      "integrity": "sha512-t+yRIyySRTp/wua5xEr+z1q60QmLq8ABsS5O9Me1AsE5dfKqgnCFzwiCZZ/cGNd1lq4/7akDWMxdhVlucjmnOQ==",
      "requires": {
        "follow-redirects": "^1.14.9",
        "form-data": "^4.0.0"
      }
    },
    "better-scroll": {
      "version": "2.4.2",
      "resolved": "https://registry.npmjs.org/better-scroll/-/better-scroll-2.4.2.tgz",
      "integrity": "sha512-I/JzJNUay2vMAkczBa/4x52QBdUGA3Bs/QtrKrxVjSbBHUMG6yR14srQr4aCAWlIra1FBmuddwGRfI6zRagI9Q==",
      "requires": {
        "@better-scroll/core": "^2.4.2",
        "@better-scroll/indicators": "^2.4.2",
        "@better-scroll/infinity": "^2.4.2",
        "@better-scroll/mouse-wheel": "^2.4.2",
        "@better-scroll/movable": "^2.4.2",
        "@better-scroll/nested-scroll": "^2.4.2",
        "@better-scroll/observe-dom": "^2.4.2",
        "@better-scroll/observe-image": "^2.4.2",
        "@better-scroll/pull-down": "^2.4.2",
        "@better-scroll/pull-up": "^2.4.2",
        "@better-scroll/scroll-bar": "^2.4.2",
        "@better-scroll/slide": "^2.4.2",
        "@better-scroll/wheel": "^2.4.2",
        "@better-scroll/zoom": "^2.4.2"
      }
    },
    "combined-stream": {
      "version": "1.0.8",
      "resolved": "https://registry.npmjs.org/combined-stream/-/combined-stream-1.0.8.tgz",
      "integrity": "sha512-FQN4MRfuJeHf7cBbBMJFXhKSDq+2kAArBlmRBvcvFE5BB1HZKXtSFASDhdlz9zOYwxh8lDdnvmMOe/+5cdoEdg==",
      "requires": {
        "delayed-stream": "~1.0.0"
      }
    },
    "copy-anything": {
      "version": "2.0.6",
      "resolved": "https://registry.npmjs.org/copy-anything/-/copy-anything-2.0.6.tgz",
      "integrity": "sha512-1j20GZTsvKNkc4BY3NpMOM8tt///wY3FpIzozTOFO2ffuZcV61nojHXVKIy3WM+7ADCy5FVhdZYHYDdgTU0yJw==",
      "requires": {
        "is-what": "^3.14.1"
      }
    },
    "csstype": {
      "version": "2.6.20",
      "resolved": "https://registry.npmjs.org/csstype/-/csstype-2.6.20.tgz",
      "integrity": "sha512-/WwNkdXfckNgw6S5R125rrW8ez139lBHWouiBvX8dfMFtcn6V81REDqnH7+CRpRipfYlyU1CmOnOxrmGcFOjeA=="
    },
    "delayed-stream": {
      "version": "1.0.0",
      "resolved": "https://registry.npmjs.org/delayed-stream/-/delayed-stream-1.0.0.tgz",
      "integrity": "sha512-ZySD7Nf91aLB0RxL4KGrKHBXl7Eds1DAmEdcoVawXnLD7SDhpNgtuII2aAkg7a7QS41jxPSZ17p4VdGnMHk3MQ=="
    },
    "dom7": {
      "version": "4.0.4",
      "resolved": "https://registry.npmjs.org/dom7/-/dom7-4.0.4.tgz",
      "integrity": "sha512-DSSgBzQ4rJWQp1u6o+3FVwMNnT5bzQbMb+o31TjYYeRi05uAcpF8koxdfzeoe5ElzPmua7W7N28YJhF7iEKqIw==",
      "requires": {
        "ssr-window": "^4.0.0"
      }
    },
    "errno": {
      "version": "0.1.8",
      "resolved": "https://registry.npmjs.org/errno/-/errno-0.1.8.tgz",
      "integrity": "sha512-dJ6oBr5SQ1VSd9qkk7ByRgb/1SH4JZjCHSW/mr63/QcXO9zLVxvJ6Oy13nio03rxpSnVDDjFor75SjVeZWPW/A==",
      "optional": true,
      "requires": {
        "prr": "~1.0.1"
      }
    },
    "esbuild": {
      "version": "0.14.50",
      "resolved": "https://registry.npmjs.org/esbuild/-/esbuild-0.14.50.tgz",
      "integrity": "sha512-SbC3k35Ih2IC6trhbMYW7hYeGdjPKf9atTKwBUHqMCYFZZ9z8zhuvfnZihsnJypl74FjiAKjBRqFkBkAd0rS/w==",
      "dev": true,
      "requires": {
        "esbuild-android-64": "0.14.50",
        "esbuild-android-arm64": "0.14.50",
        "esbuild-darwin-64": "0.14.50",
        "esbuild-darwin-arm64": "0.14.50",
        "esbuild-freebsd-64": "0.14.50",
        "esbuild-freebsd-arm64": "0.14.50",
        "esbuild-linux-32": "0.14.50",
        "esbuild-linux-64": "0.14.50",
        "esbuild-linux-arm": "0.14.50",
        "esbuild-linux-arm64": "0.14.50",
        "esbuild-linux-mips64le": "0.14.50",
        "esbuild-linux-ppc64le": "0.14.50",
        "esbuild-linux-riscv64": "0.14.50",
        "esbuild-linux-s390x": "0.14.50",
        "esbuild-netbsd-64": "0.14.50",
        "esbuild-openbsd-64": "0.14.50",
        "esbuild-sunos-64": "0.14.50",
        "esbuild-windows-32": "0.14.50",
        "esbuild-windows-64": "0.14.50",
        "esbuild-windows-arm64": "0.14.50"
      }
    },
    "esbuild-android-64": {
      "version": "0.14.50",
      "resolved": "https://registry.npmjs.org/esbuild-android-64/-/esbuild-android-64-0.14.50.tgz",
      "integrity": "sha512-H7iUEm7gUJHzidsBlFPGF6FTExazcgXL/46xxLo6i6bMtPim6ZmXyTccS8yOMpy6HAC6dPZ/JCQqrkkin69n6Q==",
      "dev": true,
      "optional": true
    },
    "esbuild-android-arm64": {
      "version": "0.14.50",
      "resolved": "https://registry.npmjs.org/esbuild-android-arm64/-/esbuild-android-arm64-0.14.50.tgz",
      "integrity": "sha512-NFaoqEwa+OYfoYVpQWDMdKII7wZZkAjtJFo1WdnBeCYlYikvUhTnf2aPwPu5qEAw/ie1NYK0yn3cafwP+kP+OQ==",
      "dev": true,
      "optional": true
    },
    "esbuild-darwin-64": {
      "version": "0.14.50",
      "resolved": "https://registry.npmjs.org/esbuild-darwin-64/-/esbuild-darwin-64-0.14.50.tgz",
      "integrity": "sha512-gDQsCvGnZiJv9cfdO48QqxkRV8oKAXgR2CGp7TdIpccwFdJMHf8hyIJhMW/05b/HJjET/26Us27Jx91BFfEVSA==",
      "dev": true,
      "optional": true
    },
    "esbuild-darwin-arm64": {
      "version": "0.14.50",
      "resolved": "https://registry.npmjs.org/esbuild-darwin-arm64/-/esbuild-darwin-arm64-0.14.50.tgz",
      "integrity": "sha512-36nNs5OjKIb/Q50Sgp8+rYW/PqirRiFN0NFc9hEvgPzNJxeJedktXwzfJSln4EcRFRh5Vz4IlqFRScp+aiBBzA==",
      "dev": true,
      "optional": true
    },
    "esbuild-freebsd-64": {
      "version": "0.14.50",
      "resolved": "https://registry.npmjs.org/esbuild-freebsd-64/-/esbuild-freebsd-64-0.14.50.tgz",
      "integrity": "sha512-/1pHHCUem8e/R86/uR+4v5diI2CtBdiWKiqGuPa9b/0x3Nwdh5AOH7lj+8823C6uX1e0ufwkSLkS+aFZiBCWxA==",
      "dev": true,
      "optional": true
    },
    "esbuild-freebsd-arm64": {
      "version": "0.14.50",
      "resolved": "https://registry.npmjs.org/esbuild-freebsd-arm64/-/esbuild-freebsd-arm64-0.14.50.tgz",
      "integrity": "sha512-iKwUVMQztnPZe5pUYHdMkRc9aSpvoV1mkuHlCoPtxZA3V+Kg/ptpzkcSY+fKd0kuom+l6Rc93k0UPVkP7xoqrw==",
      "dev": true,
      "optional": true
    },
    "esbuild-linux-32": {
      "version": "0.14.50",
      "resolved": "https://registry.npmjs.org/esbuild-linux-32/-/esbuild-linux-32-0.14.50.tgz",
      "integrity": "sha512-sWUwvf3uz7dFOpLzYuih+WQ7dRycrBWHCdoXJ4I4XdMxEHCECd8b7a9N9u7FzT6XR2gHPk9EzvchQUtiEMRwqw==",
      "dev": true,
      "optional": true
    },
    "esbuild-linux-64": {
      "version": "0.14.50",
      "resolved": "https://registry.npmjs.org/esbuild-linux-64/-/esbuild-linux-64-0.14.50.tgz",
      "integrity": "sha512-u0PQxPhaeI629t4Y3EEcQ0wmWG+tC/LpP2K7yDFvwuPq0jSQ8SIN+ARNYfRjGW15O2we3XJvklbGV0wRuUCPig==",
      "dev": true,
      "optional": true
    },
    "esbuild-linux-arm": {
      "version": "0.14.50",
      "resolved": "https://registry.npmjs.org/esbuild-linux-arm/-/esbuild-linux-arm-0.14.50.tgz",
      "integrity": "sha512-VALZq13bhmFJYFE/mLEb+9A0w5vo8z+YDVOWeaf9vOTrSC31RohRIwtxXBnVJ7YKLYfEMzcgFYf+OFln3Y0cWg==",
      "dev": true,
      "optional": true
    },
    "esbuild-linux-arm64": {
      "version": "0.14.50",
      "resolved": "https://registry.npmjs.org/esbuild-linux-arm64/-/esbuild-linux-arm64-0.14.50.tgz",
      "integrity": "sha512-ZyfoNgsTftD7Rp5S7La5auomKdNeB3Ck+kSKXC4pp96VnHyYGjHHXWIlcbH8i+efRn9brszo1/Thl1qn8RqmhQ==",
      "dev": true,
      "optional": true
    },
    "esbuild-linux-mips64le": {
      "version": "0.14.50",
      "resolved": "https://registry.npmjs.org/esbuild-linux-mips64le/-/esbuild-linux-mips64le-0.14.50.tgz",
      "integrity": "sha512-ygo31Vxn/WrmjKCHkBoutOlFG5yM9J2UhzHb0oWD9O61dGg+Hzjz9hjf5cmM7FBhAzdpOdEWHIrVOg2YAi6rTw==",
      "dev": true,
      "optional": true
    },
    "esbuild-linux-ppc64le": {
      "version": "0.14.50",
      "resolved": "https://registry.npmjs.org/esbuild-linux-ppc64le/-/esbuild-linux-ppc64le-0.14.50.tgz",
      "integrity": "sha512-xWCKU5UaiTUT6Wz/O7GKP9KWdfbsb7vhfgQzRfX4ahh5NZV4ozZ4+SdzYG8WxetsLy84UzLX3Pi++xpVn1OkFQ==",
      "dev": true,
      "optional": true
    },
    "esbuild-linux-riscv64": {
      "version": "0.14.50",
      "resolved": "https://registry.npmjs.org/esbuild-linux-riscv64/-/esbuild-linux-riscv64-0.14.50.tgz",
      "integrity": "sha512-0+dsneSEihZTopoO9B6Z6K4j3uI7EdxBP7YSF5rTwUgCID+wHD3vM1gGT0m+pjCW+NOacU9kH/WE9N686FHAJg==",
      "dev": true,
      "optional": true
    },
    "esbuild-linux-s390x": {
      "version": "0.14.50",
      "resolved": "https://registry.npmjs.org/esbuild-linux-s390x/-/esbuild-linux-s390x-0.14.50.tgz",
      "integrity": "sha512-tVjqcu8o0P9H4StwbIhL1sQYm5mWATlodKB6dpEZFkcyTI8kfIGWiWcrGmkNGH2i1kBUOsdlBafPxR3nzp3TDA==",
      "dev": true,
      "optional": true
    },
    "esbuild-netbsd-64": {
      "version": "0.14.50",
      "resolved": "https://registry.npmjs.org/esbuild-netbsd-64/-/esbuild-netbsd-64-0.14.50.tgz",
      "integrity": "sha512-0R/glfqAQ2q6MHDf7YJw/TulibugjizBxyPvZIcorH0Mb7vSimdHy0XF5uCba5CKt+r4wjax1mvO9lZ4jiAhEg==",
      "dev": true,
      "optional": true
    },
    "esbuild-openbsd-64": {
      "version": "0.14.50",
      "resolved": "https://registry.npmjs.org/esbuild-openbsd-64/-/esbuild-openbsd-64-0.14.50.tgz",
      "integrity": "sha512-7PAtmrR5mDOFubXIkuxYQ4bdNS6XCK8AIIHUiZxq1kL8cFIH5731jPcXQ4JNy/wbj1C9sZ8rzD8BIM80Tqk29w==",
      "dev": true,
      "optional": true
    },
    "esbuild-sunos-64": {
      "version": "0.14.50",
      "resolved": "https://registry.npmjs.org/esbuild-sunos-64/-/esbuild-sunos-64-0.14.50.tgz",
      "integrity": "sha512-gBxNY/wyptvD7PkHIYcq7se6SQEXcSC8Y7mE0FJB+CGgssEWf6vBPfTTZ2b6BWKnmaP6P6qb7s/KRIV5T2PxsQ==",
      "dev": true,
      "optional": true
    },
    "esbuild-windows-32": {
      "version": "0.14.50",
      "resolved": "https://registry.npmjs.org/esbuild-windows-32/-/esbuild-windows-32-0.14.50.tgz",
      "integrity": "sha512-MOOe6J9cqe/iW1qbIVYSAqzJFh0p2LBLhVUIWdMVnNUNjvg2/4QNX4oT4IzgDeldU+Bym9/Tn6+DxvUHJXL5Zw==",
      "dev": true,
      "optional": true
    },
    "esbuild-windows-64": {
      "version": "0.14.50",
      "resolved": "https://registry.npmjs.org/esbuild-windows-64/-/esbuild-windows-64-0.14.50.tgz",
      "integrity": "sha512-r/qE5Ex3w1jjGv/JlpPoWB365ldkppUlnizhMxJgojp907ZF1PgLTuW207kgzZcSCXyquL9qJkMsY+MRtaZ5yQ==",
      "dev": true,
      "optional": true
    },
    "esbuild-windows-arm64": {
      "version": "0.14.50",
      "resolved": "https://registry.npmjs.org/esbuild-windows-arm64/-/esbuild-windows-arm64-0.14.50.tgz",
      "integrity": "sha512-EMS4lQnsIe12ZyAinOINx7eq2mjpDdhGZZWDwPZE/yUTN9cnc2Ze/xUTYIAyaJqrqQda3LnDpADKpvLvol6ENQ==",
      "dev": true,
      "optional": true
    },
    "estree-walker": {
      "version": "2.0.2",
      "resolved": "https://registry.npmjs.org/estree-walker/-/estree-walker-2.0.2.tgz",
      "integrity": "sha512-Rfkk/Mp/DL7JVje3u18FxFujQlTNR2q6QfMSMB7AvCBx91NGj/ba3kCfza0f6dVDbw7YlRf/nDrn7pQrCCyQ/w=="
    },
    "follow-redirects": {
      "version": "1.15.1",
      "resolved": "https://registry.npmjs.org/follow-redirects/-/follow-redirects-1.15.1.tgz",
      "integrity": "sha512-yLAMQs+k0b2m7cVxpS1VKJVvoz7SS9Td1zss3XRwXj+ZDH00RJgnuLx7E44wx02kQLrdM3aOOy+FpzS7+8OizA=="
    },
    "form-data": {
      "version": "4.0.0",
      "resolved": "https://registry.npmjs.org/form-data/-/form-data-4.0.0.tgz",
      "integrity": "sha512-ETEklSGi5t0QMZuiXoA/Q6vcnxcLQP5vdugSpuAyi6SVGi2clPPp+xgEhuMaHC+zGgn31Kd235W35f7Hykkaww==",
      "requires": {
        "asynckit": "^0.4.0",
        "combined-stream": "^1.0.8",
        "mime-types": "^2.1.12"
      }
    },
    "fsevents": {
      "version": "2.3.2",
      "resolved": "https://registry.npmjs.org/fsevents/-/fsevents-2.3.2.tgz",
      "integrity": "sha512-xiqMQR4xAeHTuB9uWm+fFRcIOgKBMiOBP+eXiyT7jsgVCq1bkVygt00oASowB7EdtpOHaaPgKt812P9ab+DDKA==",
      "dev": true,
      "optional": true
    },
    "function-bind": {
      "version": "1.1.1",
      "resolved": "https://registry.npmjs.org/function-bind/-/function-bind-1.1.1.tgz",
      "integrity": "sha512-yIovAzMX49sF8Yl58fSCWJ5svSLuaibPxXQJFLmBObTuCr0Mf1KiPopGM9NiFjiYBCbfaa2Fh6breQ6ANVTI0A==",
      "dev": true
    },
    "graceful-fs": {
      "version": "4.2.10",
      "resolved": "https://registry.npmjs.org/graceful-fs/-/graceful-fs-4.2.10.tgz",
      "integrity": "sha512-9ByhssR2fPVsNZj478qUUbKfmL0+t5BDVyjShtyZZLiK7ZDAArFFfopyOTj0M05wE2tJPisA4iTnnXl2YoPvOA==",
      "optional": true
    },
    "has": {
      "version": "1.0.3",
      "resolved": "https://registry.npmjs.org/has/-/has-1.0.3.tgz",
      "integrity": "sha512-f2dvO0VU6Oej7RkWJGrehjbzMAjFp5/VKPp5tTpWIV4JHHZK1/BxbFRtf/siA2SWTe09caDmVtYYzWEIbBS4zw==",
      "dev": true,
      "requires": {
        "function-bind": "^1.1.1"
      }
    },
    "image-size": {
      "version": "0.5.5",
      "resolved": "https://registry.npmjs.org/image-size/-/image-size-0.5.5.tgz",
      "integrity": "sha512-6TDAlDPZxUFCv+fuOkIoXT/V/f3Qbq8e37p+YOiYrUv3v9cc3/6x78VdfPgFVaB9dZYeLUfKgHRebpkm/oP2VQ==",
      "optional": true
    },
    "is-core-module": {
      "version": "2.9.0",
      "resolved": "https://registry.npmjs.org/is-core-module/-/is-core-module-2.9.0.tgz",
      "integrity": "sha512-+5FPy5PnwmO3lvfMb0AsoPaBG+5KHUI0wYFXOtYPnVVVspTFUuMZNfNaNVRt3FZadstu2c8x23vykRW/NBoU6A==",
      "dev": true,
      "requires": {
        "has": "^1.0.3"
      }
    },
    "is-what": {
      "version": "3.14.1",
      "resolved": "https://registry.npmjs.org/is-what/-/is-what-3.14.1.tgz",
      "integrity": "sha512-sNxgpk9793nzSs7bA6JQJGeIuRBQhAaNGG77kzYQgMkrID+lS6SlK07K5LaptscDlSaIgH+GPFzf+d75FVxozA=="
    },
    "js-cookie": {
      "version": "3.0.1",
      "resolved": "https://registry.npmjs.org/js-cookie/-/js-cookie-3.0.1.tgz",
      "integrity": "sha512-+0rgsUXZu4ncpPxRL+lNEptWMOWl9etvPHc/koSRp6MPwpRYAhmk0dUG00J4bxVV3r9uUzfo24wW0knS07SKSw=="
    },
    "klona": {
      "version": "2.0.5",
      "resolved": "https://registry.npmjs.org/klona/-/klona-2.0.5.tgz",
      "integrity": "sha512-pJiBpiXMbt7dkzXe8Ghj/u4FfXOOa98fPW+bihOJ4SjnoijweJrNThJfd3ifXpXhREjpoF2mZVH1GfS9LV3kHQ=="
    },
    "less": {
      "version": "3.13.1",
      "resolved": "https://registry.npmjs.org/less/-/less-3.13.1.tgz",
      "integrity": "sha512-SwA1aQXGUvp+P5XdZslUOhhLnClSLIjWvJhmd+Vgib5BFIr9lMNlQwmwUNOjXThF/A0x+MCYYPeWEfeWiLRnTw==",
      "requires": {
        "copy-anything": "^2.0.1",
        "errno": "^0.1.1",
        "graceful-fs": "^4.1.2",
        "image-size": "~0.5.0",
        "make-dir": "^2.1.0",
        "mime": "^1.4.1",
        "native-request": "^1.0.5",
        "source-map": "~0.6.0",
        "tslib": "^1.10.0"
      }
    },
    "less-loader": {
      "version": "11.0.0",
      "resolved": "https://registry.npmjs.org/less-loader/-/less-loader-11.0.0.tgz",
      "integrity": "sha512-9+LOWWjuoectIEx3zrfN83NAGxSUB5pWEabbbidVQVgZhN+wN68pOvuyirVlH1IK4VT1f3TmlyvAnCXh8O5KEw==",
      "requires": {
        "klona": "^2.0.4"
      }
    },
    "lib-flexible": {
      "version": "0.3.2",
      "resolved": "https://registry.npmjs.org/lib-flexible/-/lib-flexible-0.3.2.tgz",
      "integrity": "sha512-9yowMWA70tKhKdCJDaltY0mNQG4OWo7pWKScnTp9aiSxS7s20ZYlwBRE3335nweOf5qKXVC7sDxJwMPM8/MFZg=="
    },
    "magic-string": {
      "version": "0.25.9",
      "resolved": "https://registry.npmjs.org/magic-string/-/magic-string-0.25.9.tgz",
      "integrity": "sha512-RmF0AsMzgt25qzqqLc1+MbHmhdx0ojF2Fvs4XnOqz2ZOBXzzkEwc/dJQZCYHAn7v1jbVOjAZfK8msRn4BxO4VQ==",
      "requires": {
        "sourcemap-codec": "^1.4.8"
      }
    },
    "make-dir": {
      "version": "2.1.0",
      "resolved": "https://registry.npmjs.org/make-dir/-/make-dir-2.1.0.tgz",
      "integrity": "sha512-LS9X+dc8KLxXCb8dni79fLIIUA5VyZoyjSMCwTluaXA0o27cCK0bhXkpgw+sTXVpPy/lSO57ilRixqk0vDmtRA==",
      "optional": true,
      "requires": {
        "pify": "^4.0.1",
        "semver": "^5.6.0"
      }
    },
    "mime": {
      "version": "1.6.0",
      "resolved": "https://registry.npmjs.org/mime/-/mime-1.6.0.tgz",
      "integrity": "sha512-x0Vn8spI+wuJ1O6S7gnbaQg8Pxh4NNHb7KSINmEWKiPE4RKOplvijn+NkmYmmRgP68mc70j2EbeTFRsrswaQeg==",
      "optional": true
    },
    "mime-db": {
      "version": "1.52.0",
      "resolved": "https://registry.npmjs.org/mime-db/-/mime-db-1.52.0.tgz",
      "integrity": "sha512-sPU4uV7dYlvtWJxwwxHD0PuihVNiE7TyAbQ5SWxDCB9mUYvOgroQOwYQQOKPJ8CIbE+1ETVlOoK1UC2nU3gYvg=="
    },
    "mime-types": {
      "version": "2.1.35",
      "resolved": "https://registry.npmjs.org/mime-types/-/mime-types-2.1.35.tgz",
      "integrity": "sha512-ZDY+bPm5zTTF+YpCrAU9nK0UgICYPT0QtT1NZWFv4s++TNkcgVaT0g6+4R2uI4MjQjzysHB1zxuWL50hzaeXiw==",
      "requires": {
        "mime-db": "1.52.0"
      }
    },
    "mitt": {
      "version": "3.0.0",
      "resolved": "https://registry.npmjs.org/mitt/-/mitt-3.0.0.tgz",
      "integrity": "sha512-7dX2/10ITVyqh4aOSVI9gdape+t9l2/8QxHrFmUXu4EEUpdlxl6RudZUPZoc+zuY2hk1j7XxVroIVIan/pD/SQ=="
    },
    "nanoid": {
      "version": "3.3.4",
      "resolved": "https://registry.npmjs.org/nanoid/-/nanoid-3.3.4.tgz",
      "integrity": "sha512-MqBkQh/OHTS2egovRtLk45wEyNXwF+cokD+1YPf9u5VfJiRdAiRwB2froX5Co9Rh20xs4siNPm8naNotSD6RBw=="
    },
    "native-request": {
      "version": "1.1.0",
      "resolved": "https://registry.npmjs.org/native-request/-/native-request-1.1.0.tgz",
      "integrity": "sha512-uZ5rQaeRn15XmpgE0xoPL8YWqcX90VtCFglYwAgkvKM5e8fog+vePLAhHxuuv/gRkrQxIeh5U3q9sMNUrENqWw==",
      "optional": true
    },
    "path-parse": {
      "version": "1.0.7",
      "resolved": "https://registry.npmjs.org/path-parse/-/path-parse-1.0.7.tgz",
      "integrity": "sha512-LDJzPVEEEPR+y48z93A0Ed0yXb8pAByGWo/k5YYdYgpY2/2EsOsksJrq7lOHxryrVOn1ejG6oAp8ahvOIQD8sw==",
      "dev": true
    },
    "picocolors": {
      "version": "1.0.0",
      "resolved": "https://registry.npmjs.org/picocolors/-/picocolors-1.0.0.tgz",
      "integrity": "sha512-1fygroTLlHu66zi26VoTDv8yRgm0Fccecssto+MhsZ0D/DGW2sm8E8AjW7NU5VVTRt5GxbeZ5qBuJr+HyLYkjQ=="
    },
    "pify": {
      "version": "4.0.1",
      "resolved": "https://registry.npmjs.org/pify/-/pify-4.0.1.tgz",
      "integrity": "sha512-uB80kBFb/tfd68bVleG9T5GGsGPjJrLAUpR5PZIrhBnIaRTQRjqdJSsIKkOP6OAIFbj7GOrcudc5pNjZ+geV2g==",
      "optional": true
    },
    "pinia": {
      "version": "2.0.17",
      "resolved": "https://registry.npmjs.org/pinia/-/pinia-2.0.17.tgz",
      "integrity": "sha512-AtwLwEWQgIjofjgeFT+nxbnK5lT2QwQjaHNEDqpsi2AiCwf/NY78uWTeHUyEhiiJy8+sBmw0ujgQMoQbWiZDfA==",
      "requires": {
        "@vue/devtools-api": "^6.2.1",
        "vue-demi": "*"
      },
      "dependencies": {
        "vue-demi": {
          "version": "0.13.6",
          "resolved": "https://registry.npmjs.org/vue-demi/-/vue-demi-0.13.6.tgz",
          "integrity": "sha512-02NYpxgyGE2kKGegRPYlNQSL1UWfA/+JqvzhGCOYjhfbLWXU5QQX0+9pAm/R2sCOPKr5NBxVIab7fvFU0B1RxQ=="
        }
      }
    },
    "postcss": {
      "version": "8.4.14",
      "resolved": "https://registry.npmjs.org/postcss/-/postcss-8.4.14.tgz",
      "integrity": "sha512-E398TUmfAYFPBSdzgeieK2Y1+1cpdxJx8yXbK/m57nRhKSmk1GB2tO4lbLBtlkfPQTDKfe4Xqv1ASWPpayPEig==",
      "requires": {
        "nanoid": "^3.3.4",
        "picocolors": "^1.0.0",
        "source-map-js": "^1.0.2"
      }
    },
    "postcss-pxtorem": {
      "version": "5.1.1",
      "resolved": "https://registry.npmjs.org/postcss-pxtorem/-/postcss-pxtorem-5.1.1.tgz",
      "integrity": "sha512-uvgIujL/pn0GbZ+rczESD2orHsbXrrCqi+q9wJO8PCk3ZGCoVVtu5hZTbtk+tbZHZP5UkTfCvqOrTZs9Ncqfsg==",
      "requires": {
        "postcss": "^7.0.27"
      },
      "dependencies": {
        "picocolors": {
          "version": "0.2.1",
          "resolved": "https://registry.npmjs.org/picocolors/-/picocolors-0.2.1.tgz",
          "integrity": "sha512-cMlDqaLEqfSaW8Z7N5Jw+lyIW869EzT73/F5lhtY9cLGoVxSXznfgfXMO0Z5K0o0Q2TkTXq+0KFsdnSe3jDViA=="
        },
        "postcss": {
          "version": "7.0.39",
          "resolved": "https://registry.npmjs.org/postcss/-/postcss-7.0.39.tgz",
          "integrity": "sha512-yioayjNbHn6z1/Bywyb2Y4s3yvDAeXGOyxqD+LnVOinq6Mdmd++SW2wUNVzavyyHxd6+DxzWGIuosg6P1Rj8uA==",
          "requires": {
            "picocolors": "^0.2.1",
            "source-map": "^0.6.1"
          }
        }
      }
    },
    "prr": {
      "version": "1.0.1",
      "resolved": "https://registry.npmjs.org/prr/-/prr-1.0.1.tgz",
      "integrity": "sha512-yPw4Sng1gWghHQWj0B3ZggWUm4qVbPwPFcRG8KyxiU7J2OHFSoEHKS+EZ3fv5l1t9CyCiop6l/ZYeWbrgoQejw==",
      "optional": true
    },
    "resolve": {
      "version": "1.22.1",
      "resolved": "https://registry.npmjs.org/resolve/-/resolve-1.22.1.tgz",
      "integrity": "sha512-nBpuuYuY5jFsli/JIs1oldw6fOQCBioohqWZg/2hiaOybXOft4lonv85uDOKXdf8rhyK159cxU5cDcK/NKk8zw==",
      "dev": true,
      "requires": {
        "is-core-module": "^2.9.0",
        "path-parse": "^1.0.7",
        "supports-preserve-symlinks-flag": "^1.0.0"
      }
    },
    "rollup": {
      "version": "2.77.2",
      "resolved": "https://registry.npmjs.org/rollup/-/rollup-2.77.2.tgz",
      "integrity": "sha512-m/4YzYgLcpMQbxX3NmAqDvwLATZzxt8bIegO78FZLl+lAgKJBd1DRAOeEiZcKOIOPjxE6ewHWHNgGEalFXuz1g==",
      "dev": true,
      "requires": {
        "fsevents": "~2.3.2"
      }
    },
    "semver": {
      "version": "5.7.1",
      "resolved": "https://registry.npmjs.org/semver/-/semver-5.7.1.tgz",
      "integrity": "sha512-sauaDf/PZdVgrLTNYHRtpXa1iRiKcaebiKQ1BJdpQlWH2lCvexQdX55snPFyK7QzpudqbCI0qXFfOasHdyNDGQ==",
      "optional": true
    },
    "source-map": {
      "version": "0.6.1",
      "resolved": "https://registry.npmjs.org/source-map/-/source-map-0.6.1.tgz",
      "integrity": "sha512-UjgapumWlbMhkBgzT7Ykc5YXUT46F0iKu8SGXq0bcwP5dz/h0Plj6enJqjz1Zbq2l5WaqYnrVbwWOWMyF3F47g=="
    },
    "source-map-js": {
      "version": "1.0.2",
      "resolved": "https://registry.npmjs.org/source-map-js/-/source-map-js-1.0.2.tgz",
      "integrity": "sha512-R0XvVJ9WusLiqTCEiGCmICCMplcCkIwwR11mOSD9CR5u+IXYdiseeEuXCVAjS54zqwkLcPNnmU4OeJ6tUrWhDw=="
    },
    "sourcemap-codec": {
      "version": "1.4.8",
      "resolved": "https://registry.npmjs.org/sourcemap-codec/-/sourcemap-codec-1.4.8.tgz",
      "integrity": "sha512-9NykojV5Uih4lgo5So5dtw+f0JgJX30KCNI8gwhz2J9A15wD0Ml6tjHKwf6fTSa6fAdVBdZeNOs9eJ71qCk8vA=="
    },
    "ssr-window": {
      "version": "4.0.2",
      "resolved": "https://registry.npmjs.org/ssr-window/-/ssr-window-4.0.2.tgz",
      "integrity": "sha512-ISv/Ch+ig7SOtw7G2+qkwfVASzazUnvlDTwypdLoPoySv+6MqlOV10VwPSE6EWkGjhW50lUmghPmpYZXMu/+AQ=="
    },
    "supports-preserve-symlinks-flag": {
      "version": "1.0.0",
      "resolved": "https://registry.npmjs.org/supports-preserve-symlinks-flag/-/supports-preserve-symlinks-flag-1.0.0.tgz",
      "integrity": "sha512-ot0WnXS9fgdkgIcePe6RHNk1WA8+muPa6cSjeR3V8K27q9BB1rTE3R1p7Hv0z1ZyAc8s6Vvv8DIyWf681MAt0w==",
      "dev": true
    },
    "swiper": {
      "version": "8.3.2",
      "resolved": "https://registry.npmjs.org/swiper/-/swiper-8.3.2.tgz",
      "integrity": "sha512-8wsC7ORYvVSnLUoxs2+xmfLrDPNjBVQXMCFbOlqtHeON6wtu/blOyySDr8TCBCdse1bdcIbn7m8xJNxVFL8o4Q==",
      "requires": {
        "dom7": "^4.0.4",
        "ssr-window": "^4.0.2"
      }
    },
    "tslib": {
      "version": "1.14.1",
      "resolved": "https://registry.npmjs.org/tslib/-/tslib-1.14.1.tgz",
      "integrity": "sha512-Xni35NKzjgMrwevysHTCArtLDpPvye8zV/0E4EyYn43P7/7qvQwPh9BGkHewbMulVntbigmcT7rdX3BNo9wRJg=="
    },
    "typescript": {
      "version": "4.7.4",
      "resolved": "https://registry.npmjs.org/typescript/-/typescript-4.7.4.tgz",
      "integrity": "sha512-C0WQT0gezHuw6AdY1M2jxUO83Rjf0HP7Sk1DtXj6j1EwkQNZrHAg2XPWlq62oqEhYvONq5pkC2Y9oPljWToLmQ==",
      "dev": true
    },
    "vant": {
      "version": "3.5.2",
      "resolved": "https://registry.npmjs.org/vant/-/vant-3.5.2.tgz",
      "integrity": "sha512-RR2SEE/ZHH30Z7a9iLBxskvSzs8rwaU2vDhR7HtBjgXreADzGjU75XxV2ogwrtaj2YU1IaBYC8xXjn3VXRxREw==",
      "requires": {
        "@vant/icons": "^1.8.0",
        "@vant/popperjs": "^1.2.1",
        "@vant/use": "^1.4.1"
      }
    },
    "vite": {
      "version": "3.0.3",
      "resolved": "https://registry.npmjs.org/vite/-/vite-3.0.3.tgz",
      "integrity": "sha512-sDIpIcl3mv1NUaSzZwiXGEy1ZoWwwC2vkxUHY6yiDacR6zf//ZFuBJrozO62gedpE43pmxnLATNR5IYUdAEkMQ==",
      "dev": true,
      "requires": {
        "esbuild": "^0.14.47",
        "fsevents": "~2.3.2",
        "postcss": "^8.4.14",
        "resolve": "^1.22.1",
        "rollup": "^2.75.6"
      }
    },
    "vue": {
      "version": "3.2.37",
      "resolved": "https://registry.npmjs.org/vue/-/vue-3.2.37.tgz",
      "integrity": "sha512-bOKEZxrm8Eh+fveCqS1/NkG/n6aMidsI6hahas7pa0w/l7jkbssJVsRhVDs07IdDq7h9KHswZOgItnwJAgtVtQ==",
      "requires": {
        "@vue/compiler-dom": "3.2.37",
        "@vue/compiler-sfc": "3.2.37",
        "@vue/runtime-dom": "3.2.37",
        "@vue/server-renderer": "3.2.37",
        "@vue/shared": "3.2.37"
      }
    },
    "vue-router": {
      "version": "4.0.13",
      "resolved": "https://registry.npmjs.org/vue-router/-/vue-router-4.0.13.tgz",
      "integrity": "sha512-LmXrC+BkDRLak+d5xTMgUYraT3Nj0H/vCbP+7usGvIl9Viqd1UP6AsP0i69pSbn9O0dXK/xCdp4yPw21HqV9Jw==",
      "requires": {
        "@vue/devtools-api": "^6.0.0"
      }
    },
    "vue-tsc": {
      "version": "0.38.9",
      "resolved": "https://registry.npmjs.org/vue-tsc/-/vue-tsc-0.38.9.tgz",
      "integrity": "sha512-Yoy5phgvGqyF98Fb4mYqboR4Q149jrdcGv5kSmufXJUq++RZJ2iMVG0g6zl+v3t4ORVWkQmRpsV4x2szufZ0LQ==",
      "dev": true,
      "requires": {
        "@volar/vue-typescript": "0.38.9"
      }
    }
  }
}
